{
  "version": 1,
  "dependencies": {
    "net8.0-windows7.0": {
      "Microsoft.NET.ILLink.Tasks": {
        "type": "Direct",
        "requested": "[8.0.28, )",
        "resolved": "8.0.28",
        "contentHash": "XMqgVjlLxLqWmEh3c49haXLQwsMNtvo6YscUaqfvEGfg1iA8hnYgkUVq3i9Zu9gKeNKMWiiZKVwZExc/qyEAsQ=="
      },
      "Microsoft.Web.WebView2": {
        "type": "Direct",
        "requested": "[1.0.4129.50, 1.0.4129.50]",
        "resolved": "1.0.4129.50",
        "contentHash": "BuJC70c7SCl8wlvojLZbc/E5ONmGyG3fhAMmpftCpKerxae//TxgKOTELRK2QRD7m7jigNFQRf6cfVT3ZiIQoQ=="
      }
    },
    "net8.0-windows7.0/win-x64": {
      "Microsoft.Web.WebView2": {
        "type": "Direct",
        "requested": "[1.0.4129.50, 1.0.4129.50]",
        "resolved": "1.0.4129.50",
        "contentHash": "BuJC70c7SCl8wlvojLZbc/E5ONmGyG3fhAMmpftCpKerxae//TxgKOTELRK2QRD7m7jigNFQRf6cfVT3ZiIQoQ=="
      }
    }
  }
}